// !$*UTF8*$!
{
	archiveVersion = 1;
	classes = {
	};
	objectVersion = 77;
	objects = {

/* Begin PBXContainerItemProxy section */
		5679C66E2F3CFF9300490FC2 /* PBXContainerItemProxy */ = {
			isa = PBXContainerItemProxy;
			containerPortal = 5679C6552F3CFF9200490FC2 /* Project object */;
			proxyType = 1;
			remoteGlobalIDString = 5679C65C2F3CFF9200490FC2;
			remoteInfo = HeatMap;
		};
		5679C6782F3CFF9300490FC2 /* PBXContainerItemProxy */ = {
			isa = PBXContainerItemProxy;
			containerPortal = 5679C6552F3CFF9200490FC2 /* Project object */;
			proxyType = 1;
			remoteGlobalIDString = 5679C65C2F3CFF9200490FC2;
			remoteInfo = HeatMap;
		};
/* End PBXContainerItemProxy section */

/* Begin PBXFileReference section */
		5679C65D2F3CFF9200490FC2 /* HeatMap.app */ = {isa = PBXFileReference; explicitFileType = wrapper.application; includeInIndex = 0; path = HeatMap.app; sourceTree = BUILT_PRODUCTS_DIR; };
		5679C66D2F3CFF9300490FC2 /* HeatMapTests.xctest */ = {isa = PBXFileReference; explicitFileType = wrapper.cfbundle; includeInIndex = 0; path = HeatMapTests.xctest; sourceTree = BUILT_PRODUCTS_DIR; };
		5679C6772F3CFF9300490FC2 /* HeatMapUITests.xctest */ = {isa = PBXFileReference; explicitFileType = wrapper.cfbundle; includeInIndex = 0; path = HeatMapUITests.xctest; sourceTree = BUILT_PRODUCTS_DIR; };
/* End PBXFileReference section */

/* Begin PBXFileSystemSynchronizedRootGroup section */
		5679C65F2F3CFF9200490FC2 /* HeatMap */ = {
			isa = PBXFileSystemSynchronizedRootGroup;
			path = HeatMap;
			sourceTree = "<group>";
		};
		5679C6702F3CFF9300490FC2 /* HeatMapTests */ = {
			isa = PBXFileSystemSynchronizedRootGroup;
			path = HeatMapTests;
			sourceTree = "<group>";
		};
		5679C67A2F3CFF9300490FC2 /* HeatMapUITests */ = {
			isa = PBXFileSystemSynchronizedRootGroup;
			path = HeatMapUITests;
			sourceTree = "<group>";
		};
/* End PBXFileSystemSynchronizedRootGroup section */

/* Begin PBXFrameworksBuildPhase section */
		5679C65A2F3CFF9200490FC2 /* Frameworks */ = {
			isa = PBXFrameworksBuildPhase;
			buildActionMask = 2147483647;
			files = (
			);
			runOnlyForDeploymentPostprocessing = 0;
		};
		5679C66A2F3CFF9300490FC2 /* Frameworks */ = {
			isa = PBXFrameworksBuildPhase;
			buildActionMask = 2147483647;
			files = (
			);
			runOnlyForDeploymentPostprocessing = 0;
		};
		5679C6742F3CFF9300490FC2 /* Frameworks */ = {
			isa = PBXFrameworksBuildPhase;
			buildActionMask = 2147483647;
			files = (
			);
			runOnlyForDeploymentPostprocessing = 0;
		};
/* End PBXFrameworksBuildPhase section */

/* Begin PBXGroup section */
		5679C6542F3CFF9200490FC2 = {
			isa = PBXGroup;
			children = (
				5679C65F2F3CFF9200490FC2 /* HeatMap */,
				5679C6702F3CFF9300490FC2 /* HeatMapTests */,
				5679C67A2F3CFF9300490FC2 /* HeatMapUITests */,
				5679C65E2F3CFF9200490FC2 /* Products */,
			);
			sourceTree = "<group>";
		};
		5679C65E2F3CFF9200490FC2 /* Products */ = {
			isa = PBXGroup;
			children = (
				5679C65D2F3CFF9200490FC2 /* HeatMap.app */,
				5679C66D2F3CFF9300490FC2 /* HeatMapTests.xctest */,
				5679C6772F3CFF9300490FC2 /* HeatMapUITests.xctest */,
			);
			name = Products;
			sourceTree = "<group>";
		};
/* End PBXGroup section */

/* Begin PBXNativeTarget section */
		5679C65C2F3CFF9200490FC2 /* HeatMap */ = {
			isa = PBXNativeTarget;
			buildConfigurationList = 5679C6812F3CFF9300490FC2 /* Build configuration list for PBXNativeTarget "HeatMap" */;
			buildPhases = (
				5679C6592F3CFF9200490FC2 /* Sources */,
				5679C65A2F3CFF9200490FC2 /* Frameworks */,
				5679C65B2F3CFF9200490FC2 /* Resources */,
			);
			buildRules = (
			);
			dependencies = (
			);
			fileSystemSynchronizedGroups = (
				5679C65F2F3CFF9200490FC2 /* HeatMap */,
			);
			name = HeatMap;
			packageProductDependencies = (
			);
			productName = HeatMap;
			productReference = 5679C65D2F3CFF9200490FC2 /* HeatMap.app */;
			productType = "com.apple.product-type.application";
		};
		5679C66C2F3CFF9300490FC2 /* HeatMapTests */ = {
			isa = PBXNativeTarget;
			buildConfigurationList = 5679C6842F3CFF9300490FC2 /* Build configuration list for PBXNativeTarget "HeatMapTests" */;
			buildPhases = (
				5679C6692F3CFF9300490FC2 /* Sources */,
				5679C66A2F3CFF9300490FC2 /* Frameworks */,
				5679C66B2F3CFF9300490FC2 /* Resources */,
			);
			buildRules = (
			);
			dependencies = (
				5679C66F2F3CFF9300490FC2 /* PBXTargetDependency */,
			);
			fileSystemSynchronizedGroups = (
				5679C6702F3CFF9300490FC2 /* HeatMapTests */,
			);
			name = HeatMapTests;
			packageProductDependencies = (
			);
			productName = HeatMapTests;
			productReference = 5679C66D2F3CFF9300490FC2 /* HeatMapTests.xctest */;
			productType = "com.apple.product-type.bundle.unit-test";
		};
		5679C6762F3CFF9300490FC2 /* HeatMapUITests */ = {
			isa = PBXNativeTarget;
			buildConfigurationList = 5679C6872F3CFF9300490FC2 /* Build configuration list for PBXNativeTarget "HeatMapUITests" */;
			buildPhases = (
				5679C6732F3CFF9300490FC2 /* Sources */,
				5679C6742F3CFF9300490FC2 /* Frameworks */,
				5679C6752F3CFF9300490FC2 /* Resources */,
			);
			buildRules = (
			);
			dependencies = (
				5679C6792F3CFF9300490FC2 /* PBXTargetDependency */,
			);
			fileSystemSynchronizedGroups = (
				5679C67A2F3CFF9300490FC2 /* HeatMapUITests */,
			);
			name = HeatMapUITests;
			packageProductDependencies = (
			);
			productName = HeatMapUITests;
			productReference = 5679C6772F3CFF9300490FC2 /* HeatMapUITests.xctest */;
			productType = "com.apple.product-type.bundle.ui-testing";
		};
/* End PBXNativeTarget section */

/* Begin PBXProject section */
		5679C6552F3CFF9200490FC2 /* Project object */ = {
			isa = PBXProject;
			attributes = {
				BuildIndependentTargetsInParallel = 1;
				LastSwiftUpdateCheck = 1620;
				LastUpgradeCheck = 1620;
				TargetAttributes = {
					5679C65C2F3CFF9200490FC2 = {
						CreatedOnToolsVersion = 16.2;
					};
					5679C66C2F3CFF9300490FC2 = {
						CreatedOnToolsVersion = 16.2;
						TestTargetID = 5679C65C2F3CFF9200490FC2;
					};
					5679C6762F3CFF9300490FC2 = {
						CreatedOnToolsVersion = 16.2;
						TestTargetID = 5679C65C2F3CFF9200490FC2;
					};
				};
			};
			buildConfigurationList = 5679C6582F3CFF9200490FC2 /* Build configuration list for PBXProject "HeatMap" */;
			developmentRegion = en;
			hasScannedForEncodings = 0;
			knownRegions = (
				en,
				Base,
			);
			mainGroup = 5679C6542F3CFF9200490FC2;
			minimizedProjectReferenceProxies = 1;
			preferredProjectObjectVersion = 77;
			productRefGroup = 5679C65E2F3CFF9200490FC2 /* Products */;
			projectDirPath = "";
			projectRoot = "";
			targets = (
				5679C65C2F3CFF9200490FC2 /* HeatMap */,
				5679C66C2F3CFF9300490FC2 /* HeatMapTests */,
				5679C6762F3CFF9300490FC2 /* HeatMapUITests */,
			);
		};
/* End PBXProject section */

/* Begin PBXResourcesBuildPhase section */
		5679C65B2F3CFF9200490FC2 /* Resources */ = {
			isa = PBXResourcesBuildPhase;
			buildActionMask = 2147483647;
			files = (
			);
			runOnlyForDeploymentPostprocessing = 0;
		};
		5679C66B2F3CFF9300490FC2 /* Resources */ = {
			isa = PBXResourcesBuildPhase;
			buildActionMask = 2147483647;
			files = (
			);
			runOnlyForDeploymentPostprocessing = 0;
		};
		5679C6752F3CFF9300490FC2 /* Resources */ = {
			isa = PBXResourcesBuildPhase;
			buildActionMask = 2147483647;
			files = (
			);
			runOnlyForDeploymentPostprocessing = 0;
		};
/* End PBXResourcesBuildPhase section */

/* Begin PBXSourcesBuildPhase section */
		5679C6592F3CFF9200490FC2 /* Sources */ = {
			isa = PBXSourcesBuildPhase;
			buildActionMask = 2147483647;
			files = (
			);
			runOnlyForDeploymentPostprocessing = 0;
		};
		5679C6692F3CFF9300490FC2 /* Sources */ = {
			isa = PBXSourcesBuildPhase;
			buildActionMask = 2147483647;
			files = (
			);
			runOnlyForDeploymentPostprocessing = 0;
		};
		5679C6732F3CFF9300490FC2 /* Sources */ = {
			isa = PBXSourcesBuildPhase;
			buildActionMask = 2147483647;
			files = (
			);
			runOnlyForDeploymentPostprocessing = 0;
		};
/* End PBXSourcesBuildPhase section */

/* Begin PBXTargetDependency section */
		5679C66F2F3CFF9300490FC2 /* PBXTargetDependency */ = {
			isa = PBXTargetDependency;
			target = 5679C65C2F3CFF9200490FC2 /* HeatMap */;
			targetProxy = 5679C66E2F3CFF9300490FC2 /* PBXContainerItemProxy */;
		};
		5679C6792F3CFF9300490FC2 /* PBXTargetDependency */ = {
			isa = PBXTargetDependency;
			target = 5679C65C2F3CFF9200490FC2 /* HeatMap */;
			targetProxy = 5679C6782F3CFF9300490FC2 /* PBXContainerItemProxy */;
		};
/* End PBXTargetDependency section */

/* Begin XCBuildConfiguration section */
		5679C67F2F3CFF9300490FC2 /* Debug */ = {
			isa = XCBuildConfiguration;
			buildSettings = {
				ALWAYS_SEARCH_USER_PATHS = NO;
				ASSETCATALOG_COMPILER_GENERATE_SWIFT_ASSET_SYMBOL_EXTENSIONS = YES;
				CLANG_ANALYZER_NONNULL = YES;
				CLANG_ANALYZER_NUMBER_OBJECT_CONVERSION = YES_AGGRESSIVE;
				CLANG_CXX_LANGUAGE_STANDARD = "gnu++20";
				CLANG_ENABLE_MODULES = YES;
				CLANG_ENABLE_OBJC_ARC = YES;
				CLANG_ENABLE_OBJC_WEAK = YES;
				CLANG_WARN_BLOCK_CAPTURE_AUTORELEASING = YES;
				CLANG_WARN_BOOL_CONVERSION = YES;
				CLANG_WARN_COMMA = YES;
				CLANG_WARN_CONSTANT_CONVERSION = YES;
				CLANG_WARN_DEPRECATED_OBJC_IMPLEMENTATIONS = YES;
				CLANG_WARN_DIRECT_OBJC_ISA_USAGE = YES_ERROR;
				CLANG_WARN_DOCUMENTATION_COMMENTS = YES;
				CLANG_WARN_EMPTY_BODY = YES;
				CLANG_WARN_ENUM_CONVERSION = YES;
				CLANG_WARN_INFINITE_RECURSION = YES;
				CLANG_WARN_INT_CONVERSION = YES;
				CLANG_WARN_NON_LITERAL_NULL_CONVERSION = YES;
				CLANG_WARN_OBJC_IMPLICIT_RETAIN_SELF = YES;
				CLANG_WARN_OBJC_LITERAL_CONVERSION = YES;
				CLANG_WARN_OBJC_ROOT_CLASS = YES_ERROR;
				CLANG_WARN_QUOTED_INCLUDE_IN_FRAMEWORK_HEADER = YES;
				CLANG_WARN_RANGE_LOOP_ANALYSIS = YES;
				CLANG_WARN_STRICT_PROTOTYPES = YES;
				CLANG_WARN_SUSPICIOUS_MOVE = YES;
				CLANG_WARN_UNGUARDED_AVAILABILITY = YES_AGGRESSIVE;
				CLANG_WARN_UNREACHABLE_CODE = YES;
				CLANG_WARN__DUPLICATE_METHOD_MATCH = YES;
				COPY_PHASE_STRIP = NO;
				DEBUG_INFORMATION_FORMAT = dwarf;
				ENABLE_STRICT_OBJC_MSGSEND = YES;
				ENABLE_TESTABILITY = YES;
				ENABLE_USER_SCRIPT_SANDBOXING = YES;
				GCC_C_LANGUAGE_STANDARD = gnu17;
				GCC_DYNAMIC_NO_PIC = NO;
				GCC_NO_COMMON_BLOCKS = YES;
				GCC_OPTIMIZATION_LEVEL = 0;
				GCC_PREPROCESSOR_DEFINITIONS = (
					"DEBUG=1",
					"$(inherited)",
				);
				GCC_WARN_64_TO_32_BIT_CONVERSION = YES;
				GCC_WARN_ABOUT_RETURN_TYPE = YES_ERROR;
				GCC_WARN_UNDECLARED_SELECTOR = YES;
				GCC_WARN_UNINITIALIZED_AUTOS = YES_AGGRESSIVE;
				GCC_WARN_UNUSED_FUNCTION = YES;
				GCC_WARN_UNUSED_VARIABLE = YES;
				IPHONEOS_DEPLOYMENT_TARGET = 18.2;
				LOCALIZATION_PREFERS_STRING_CATALOGS = YES;
				MTL_ENABLE_DEBUG_INFO = INCLUDE_SOURCE;
				MTL_FAST_MATH = YES;
				ONLY_ACTIVE_ARCH = YES;
				SDKROOT = iphoneos;
				SWIFT_ACTIVE_COMPILATION_CONDITIONS = "DEBUG $(inherited)";
				SWIFT_OPTIMIZATION_LEVEL = "-Onone";
			};
			name = Debug;
		};
		5679C6802F3CFF9300490FC2 /* Release */ = {
			isa = XCBuildConfiguration;
			buildSettings = {
				ALWAYS_SEARCH_USER_PATHS = NO;
				ASSETCATALOG_COMPILER_GENERATE_SWIFT_ASSET_SYMBOL_EXTENSIONS = YES;
				CLANG_ANALYZER_NONNULL = YES;
				CLANG_ANALYZER_NUMBER_OBJECT_CONVERSION = YES_AGGRESSIVE;
				CLANG_CXX_LANGUAGE_STANDARD = "gnu++20";
				CLANG_ENABLE_MODULES = YES;
				CLANG_ENABLE_OBJC_ARC = YES;
				CLANG_ENABLE_OBJC_WEAK = YES;
				CLANG_WARN_BLOCK_CAPTURE_AUTORELEASING = YES;
				CLANG_WARN_BOOL_CONVERSION = YES;
				CLANG_WARN_COMMA = YES;
				CLANG_WARN_CONSTANT_CONVERSION = YES;
				CLANG_WARN_DEPRECATED_OBJC_IMPLEMENTATIONS = YES;
				CLANG_WARN_DIRECT_OBJC_ISA_USAGE = YES_ERROR;
				CLANG_WARN_DOCUMENTATION_COMMENTS = YES;
				CLANG_WARN_EMPTY_BODY = YES;
				CLANG_WARN_ENUM_CONVERSION = YES;
				CLANG_WARN_INFINITE_RECURSION = YES;
				CLANG_WARN_INT_CONVERSION = YES;
				CLANG_WARN_NON_LITERAL_NULL_CONVERSION = YES;
				CLANG_WARN_OBJC_IMPLICIT_RETAIN_SELF = YES;
				CLANG_WARN_OBJC_LITERAL_CONVERSION = YES;
				CLANG_WARN_OBJC_ROOT_CLASS = YES_ERROR;
				CLANG_WARN_QUOTED_INCLUDE_IN_FRAMEWORK_HEADER = YES;
				CLANG_WARN_RANGE_LOOP_ANALYSIS = YES;
				CLANG_WARN_STRICT_PROTOTYPES = YES;
				CLANG_WARN_SUSPICIOUS_MOVE = YES;
				CLANG_WARN_UNGUARDED_AVAILABILITY = YES_AGGRESSIVE;
				CLANG_WARN_UNREACHABLE_CODE = YES;
				CLANG_WARN__DUPLICATE_METHOD_MATCH = YES;
				COPY_PHASE_STRIP = NO;
				DEBUG_INFORMATION_FORMAT = "dwarf-with-dsym";
				ENABLE_NS_ASSERTIONS = NO;
				ENABLE_STRICT_OBJC_MSGSEND = YES;
				ENABLE_USER_SCRIPT_SANDBOXING = YES;
				GCC_C_LANGUAGE_STANDARD = gnu17;
				GCC_NO_COMMON_BLOCKS = YES;
				GCC_WARN_64_TO_32_BIT_CONVERSION = YES;
				GCC_WARN_ABOUT_RETURN_TYPE = YES_ERROR;
				GCC_WARN_UNDECLARED_SELECTOR = YES;
				GCC_WARN_UNINITIALIZED_AUTOS = YES_AGGRESSIVE;
				GCC_WARN_UNUSED_FUNCTION = YES;
				GCC_WARN_UNUSED_VARIABLE = YES;
				IPHONEOS_DEPLOYMENT_TARGET = 18.2;
				LOCALIZATION_PREFERS_STRING_CATALOGS = YES;
				MTL_ENABLE_DEBUG_INFO = NO;
				MTL_FAST_MATH = YES;
				SDKROOT = iphoneos;
				SWIFT_COMPILATION_MODE = wholemodule;
				VALIDATE_PRODUCT = YES;
			};
			name = Release;
		};
		5679C6822F3CFF9300490FC2 /* Debug */ = {
			isa = XCBuildConfiguration;
			buildSettings = {
				ASSETCATALOG_COMPILER_APPICON_NAME = AppIcon;
				ASSETCATALOG_COMPILER_GLOBAL_ACCENT_COLOR_NAME = AccentColor;
				CODE_SIGN_STYLE = Automatic;
				CURRENT_PROJECT_VERSION = 1;
				DEVELOPMENT_ASSET_PATHS = "\"HeatMap/Preview Content\"";
				DEVELOPMENT_TEAM = ASXA53JDC5;
				ENABLE_PREVIEWS = YES;
				GENERATE_INFOPLIST_FILE = YES;
				INFOPLIST_KEY_UIApplicationSceneManifest_Generation = YES;
				INFOPLIST_KEY_UIApplicationSupportsIndirectInputEvents = YES;
				INFOPLIST_KEY_UILaunchScreen_Generation = YES;
				INFOPLIST_KEY_UISupportedInterfaceOrientations_iPad = "UIInterfaceOrientationPortrait UIInterfaceOrientationPortraitUpsideDown UIInterfaceOrientationLandscapeLeft UIInterfaceOrientationLandscapeRight";
				INFOPLIST_KEY_UISupportedInterfaceOrientations_iPhone = "UIInterfaceOrientationPortrait UIInterfaceOrientationLandscapeLeft UIInterfaceOrientationLandscapeRight";
				LD_RUNPATH_SEARCH_PATHS = (
					"$(inherited)",
					"@executable_path/Frameworks",
				);
				MARKETING_VERSION = 1.0;
				PRODUCT_BUNDLE_IDENTIFIER = com.yespeace.HeatMap;
				PRODUCT_NAME = "$(TARGET_NAME)";
				SWIFT_EMIT_LOC_STRINGS = YES;
				SWIFT_VERSION = 5.0;
				TARGETED_DEVICE_FAMILY = "1,2";
			};
			name = Debug;
		};
		5679C6832F3CFF9300490FC2 /* Release */ = {
			isa = XCBuildConfiguration;
			buildSettings = {
				ASSETCATALOG_COMPILER_APPICON_NAME = AppIcon;
				ASSETCATALOG_COMPILER_GLOBAL_ACCENT_COLOR_NAME = AccentColor;
				CODE_SIGN_STYLE = Automatic;
				CURRENT_PROJECT_VERSION = 1;
				DEVELOPMENT_ASSET_PATHS = "\"HeatMap/Preview Content\"";
				DEVELOPMENT_TEAM = ASXA53JDC5;
				ENABLE_PREVIEWS = YES;
				GENERATE_INFOPLIST_FILE = YES;
				INFOPLIST_KEY_UIApplicationSceneManifest_Generation = YES;
				INFOPLIST_KEY_UIApplicationSupportsIndirectInputEvents = YES;
				INFOPLIST_KEY_UILaunchScreen_Generation = YES;
				INFOPLIST_KEY_UISupportedInterfaceOrientations_iPad = "UIInterfaceOrientationPortrait UIInterfaceOrientationPortraitUpsideDown UIInterfaceOrientationLandscapeLeft UIInterfaceOrientationLandscapeRight";
				INFOPLIST_KEY_UISupportedInterfaceOrientations_iPhone = "UIInterfaceOrientationPortrait UIInterfaceOrientationLandscapeLeft UIInterfaceOrientationLandscapeRight";
				LD_RUNPATH_SEARCH_PATHS = (
					"$(inherited)",
					"@executable_path/Frameworks",
				);
				MARKETING_VERSION = 1.0;
				PRODUCT_BUNDLE_IDENTIFIER = com.yespeace.HeatMap;
				PRODUCT_NAME = "$(TARGET_NAME)";
				SWIFT_EMIT_LOC_STRINGS = YES;
				SWIFT_VERSION = 5.0;
				TARGETED_DEVICE_FAMILY = "1,2";
			};
			name = Release;
		};
		5679C6852F3CFF9300490FC2 /* Debug */ = {
			isa = XCBuildConfiguration;
			buildSettings = {
				BUNDLE_LOADER = "$(TEST_HOST)";
				CODE_SIGN_STYLE = Automatic;
				CURRENT_PROJECT_VERSION = 1;
				DEVELOPMENT_TEAM = ASXA53JDC5;
				GENERATE_INFOPLIST_FILE = YES;
				IPHONEOS_DEPLOYMENT_TARGET = 18.2;
				MARKETING_VERSION = 1.0;
				PRODUCT_BUNDLE_IDENTIFIER = com.yespeace.HeatMapTests;
				PRODUCT_NAME = "$(TARGET_NAME)";
				SWIFT_EMIT_LOC_STRINGS = NO;
				SWIFT_VERSION = 5.0;
				TARGETED_DEVICE_FAMILY = "1,2";
				TEST_HOST = "$(BUILT_PRODUCTS_DIR)/HeatMap.app/$(BUNDLE_EXECUTABLE_FOLDER_PATH)/HeatMap";
			};
			name = Debug;
		};
		5679C6862F3CFF9300490FC2 /* Release */ = {
			isa = XCBuildConfiguration;
			buildSettings = {
				BUNDLE_LOADER = "$(TEST_HOST)";
				CODE_SIGN_STYLE = Automatic;
				CURRENT_PROJECT_VERSION = 1;
				DEVELOPMENT_TEAM = ASXA53JDC5;
				GENERATE_INFOPLIST_FILE = YES;
				IPHONEOS_DEPLOYMENT_TARGET = 18.2;
				MARKETING_VERSION = 1.0;
				PRODUCT_BUNDLE_IDENTIFIER = com.yespeace.HeatMapTests;
				PRODUCT_NAME = "$(TARGET_NAME)";
				SWIFT_EMIT_LOC_STRINGS = NO;
				SWIFT_VERSION = 5.0;
				TARGETED_DEVICE_FAMILY = "1,2";
				TEST_HOST = "$(BUILT_PRODUCTS_DIR)/HeatMap.app/$(BUNDLE_EXECUTABLE_FOLDER_PATH)/HeatMap";
			};
			name = Release;
		};
		5679C6882F3CFF9300490FC2 /* Debug */ = {
			isa = XCBuildConfiguration;
			buildSettings = {
				CODE_SIGN_STYLE = Automatic;
				CURRENT_PROJECT_VERSION = 1;
				DEVELOPMENT_TEAM = ASXA53JDC5;
				GENERATE_INFOPLIST_FILE = YES;
				MARKETING_VERSION = 1.0;
				PRODUCT_BUNDLE_IDENTIFIER = com.yespeace.HeatMapUITests;
				PRODUCT_NAME = "$(TARGET_NAME)";
				SWIFT_EMIT_LOC_STRINGS = NO;
				SWIFT_VERSION = 5.0;
				TARGETED_DEVICE_FAMILY = "1,2";
				TEST_TARGET_NAME = HeatMap;
			};
			name = Debug;
		};
		5679C6892F3CFF9300490FC2 /* Release */ = {
			isa = XCBuildConfiguration;
			buildSettings = {
				CODE_SIGN_STYLE = Automatic;
				CURRENT_PROJECT_VERSION = 1;
				DEVELOPMENT_TEAM = ASXA53JDC5;
				GENERATE_INFOPLIST_FILE = YES;
				MARKETING_VERSION = 1.0;
				PRODUCT_BUNDLE_IDENTIFIER = com.yespeace.HeatMapUITests;
				PRODUCT_NAME = "$(TARGET_NAME)";
				SWIFT_EMIT_LOC_STRINGS = NO;
				SWIFT_VERSION = 5.0;
				TARGETED_DEVICE_FAMILY = "1,2";
				TEST_TARGET_NAME = HeatMap;
			};
			name = Release;
		};
/* End XCBuildConfiguration section */

/* Begin XCConfigurationList section */
		5679C6582F3CFF9200490FC2 /* Build configuration list for PBXProject "HeatMap" */ = {
			isa = XCConfigurationList;
			buildConfigurations = (
				5679C67F2F3CFF9300490FC2 /* Debug */,
				5679C6802F3CFF9300490FC2 /* Release */,
			);
			defaultConfigurationIsVisible = 0;
			defaultConfigurationName = Release;
		};
		5679C6812F3CFF9300490FC2 /* Build configuration list for PBXNativeTarget "HeatMap" */ = {
			isa = XCConfigurationList;
			buildConfigurations = (
				5679C6822F3CFF9300490FC2 /* Debug */,
				5679C6832F3CFF9300490FC2 /* Release */,
			);
			defaultConfigurationIsVisible = 0;
			defaultConfigurationName = Release;
		};
		5679C6842F3CFF9300490FC2 /* Build configuration list for PBXNativeTarget "HeatMapTests" */ = {
			isa = XCConfigurationList;
			buildConfigurations = (
				5679C6852F3CFF9300490FC2 /* Debug */,
				5679C6862F3CFF9300490FC2 /* Release */,
			);
			defaultConfigurationIsVisible = 0;
			defaultConfigurationName = Release;
		};
		5679C6872F3CFF9300490FC2 /* Build configuration list for PBXNativeTarget "HeatMapUITests" */ = {
			isa = XCConfigurationList;
			buildConfigurations = (
				5679C6882F3CFF9300490FC2 /* Debug */,
				5679C6892F3CFF9300490FC2 /* Release */,
			);
			defaultConfigurationIsVisible = 0;
			defaultConfigurationName = Release;
		};
/* End XCConfigurationList section */
	};
	rootObject = 5679C6552F3CFF9200490FC2 /* Project object */;
}
